
Microsoft Visual Studio Solution File, Format Version 12.00
# Visual Studio Version 17
VisualStudioVersion = 17.0.31903.59
MinimumVisualStudioVersion = 10.0.40219.1
Project("{FAE04EC0-301F-11D3-BF4B-00C04F79EFBC}") = "Chess", "Chess\Chess.csproj", "{C627C00A-2CB2-4299-806A-C114E21F2027}"
EndProject
Global
	GlobalSection(SolutionConfigurationPlatforms) = preSolution
		Debug|Any CPU = Debug|Any CPU
		Release|Any CPU = Release|Any CPU
	EndGlobalSection
	GlobalSection(ProjectConfigurationPlatforms) = postSolution
		{C627C00A-2CB2-4299-806A-C114E21F2027}.Debug|Any CPU.ActiveCfg = Debug|Any CPU
		{C627C00A-2CB2-4299-806A-C114E21F2027}.Debug|Any CPU.Build.0 = Debug|Any CPU
		{C627C00A-2CB2-4299-806A-C114E21F2027}.Release|Any CPU.ActiveCfg = Release|Any CPU
		{C627C00A-2CB2-4299-806A-C114E21F2027}.Release|Any CPU.Build.0 = Release|Any CPU
	EndGlobalSection
	GlobalSection(SolutionProperties) = preSolution
		HideSolutionNode = FALSE
	EndGlobalSection
	GlobalSection(ExtensibilityGlobals) = postSolution
		SolutionGuid = {5714DEBC-AEFB-4634-84B0-F90EFB2D21B4}
	EndGlobalSection
EndGlobal
